
Microsoft Visual Studio Solution File, Format Version 12.00
# Visual Studio 2013
VisualStudioVersion = 12.0.40629.0
MinimumVisualStudioVersion = 10.0.40219.1
Project("{FAE04EC0-301F-11D3-BF4B-00C04F79EFBC}") = "RaynMaker.Analyzer", "src\RaynMaker.Analyzer\RaynMaker.Analyzer.csproj", "{4164C457-C990-4D92-8175-C8BF4AD6A1DB}"
EndProject
Project("{FAE04EC0-301F-11D3-BF4B-00C04F79EFBC}") = "RaynMaker.Modules.Browser", "src\RaynMaker.Modules.Browser\RaynMaker.Modules.Browser.csproj", "{D3B2B34E-7D18-4506-93D8-B56CCBAEA7D7}"
EndProject
Project("{FAE04EC0-301F-11D3-BF4B-00C04F79EFBC}") = "RaynMaker.Infrastructure", "src\RaynMaker.Infrastructure\RaynMaker.Infrastructure.csproj", "{837ADDBE-901B-4ED9-9DF4-0E259E262167}"
EndProject
Project("{FAE04EC0-301F-11D3-BF4B-00C04F79EFBC}") = "RaynMaker.Entities", "src\RaynMaker.Entities\RaynMaker.Entities.csproj", "{0B9B8AC3-DA99-4264-9D59-382ADEE06FD9}"
EndProject
Project("{FAE04EC0-301F-11D3-BF4B-00C04F79EFBC}") = "RaynMaker.Entities.Persistancy", "src\RaynMaker.Entities.Persistancy\RaynMaker.Entities.Persistancy.csproj", "{21124BD2-15F7-45F8-BD77-184E7FED47C8}"
EndProject
Project("{FAE04EC0-301F-11D3-BF4B-00C04F79EFBC}") = "RaynMaker.SDK", "src\RaynMaker.SDK\RaynMaker.SDK.csproj", "{B4F336A4-8CD2-49F7-8541-97AA31EA53D5}"
EndProject
Project("{FAE04EC0-301F-11D3-BF4B-00C04F79EFBC}") = "RaynMaker.Modules.Data", "src\RaynMaker.Modules.Data\RaynMaker.Modules.Data.csproj", "{972E7886-F83D-41DF-BA26-5071C34EC2F7}"
EndProject
Project("{FAE04EC0-301F-11D3-BF4B-00C04F79EFBC}") = "RaynMaker.Entities.UnitTests", "src\RaynMaker.Entities.UnitTests\RaynMaker.Entities.UnitTests.csproj", "{479CB8A7-9096-4A4C-B825-305E2DFF0456}"
EndProject
Project("{FAE04EC0-301F-11D3-BF4B-00C04F79EFBC}") = "RaynMaker.Modules.Analysis", "src\RaynMaker.Modules.Analysis\RaynMaker.Modules.Analysis.csproj", "{87F14106-B2F8-4F90-9A14-18723AD25EEF}"
EndProject
Project("{FAE04EC0-301F-11D3-BF4B-00C04F79EFBC}") = "RaynMaker.Modules.Analysis.UnitTests", "src\RaynMaker.Modules.Analysis.UnitTests\RaynMaker.Modules.Analysis.UnitTests.csproj", "{E26E3116-709D-463D-81A3-81D6C9A9C195}"
EndProject
Project("{FAE04EC0-301F-11D3-BF4B-00C04F79EFBC}") = "RaynMaker.Modules.Import.Web", "src\RaynMaker.Modules.Import.Web\RaynMaker.Modules.Import.Web.csproj", "{2BAB6393-3900-4233-B817-333460881312}"
EndProject
Project("{FAE04EC0-301F-11D3-BF4B-00C04F79EFBC}") = "RaynMaker.Modules.Import", "src\RaynMaker.Modules.Import\RaynMaker.Modules.Import.csproj", "{4CD006FA-B1A2-4E57-A0F1-DB32259FF70A}"
EndProject
Project("{2150E333-8FDC-42A3-9474-1A3956D46DE8}") = "Solution Items", "Solution Items", "{2BB4938E-9210-49D7-A01E-BC25948455EF}"
	ProjectSection(SolutionItems) = preProject
		build\create-package.cmd = build\create-package.cmd
		build\GlobalAssemblyInfo.cs = build\GlobalAssemblyInfo.cs
		build\packager.msbuild = build\packager.msbuild
	EndProjectSection
EndProject
Project("{FAE04EC0-301F-11D3-BF4B-00C04F79EFBC}") = "RaynMaker.Modules.Import.UnitTests", "src\RaynMaker.Modules.Import.UnitTests\RaynMaker.Modules.Import.UnitTests.csproj", "{60A81643-28BD-42C6-B1E9-51C77275A335}"
EndProject
Project("{FAE04EC0-301F-11D3-BF4B-00C04F79EFBC}") = "RaynMaker.Modules.Notes", "src\RaynMaker.Modules.Notes\RaynMaker.Modules.Notes.csproj", "{915A1FE6-9C41-4260-B32D-D958A524F177}"
EndProject
Project("{FAE04EC0-301F-11D3-BF4B-00C04F79EFBC}") = "RaynMaker.Modules.Import.Web.UnitTests", "src\RaynMaker.Modules.Import.Web.UnitTests\RaynMaker.Modules.Import.Web.UnitTests.csproj", "{EB8FAAF2-3BFC-4C79-B9F2-4BE1C76E682E}"
EndProject
Project("{FAE04EC0-301F-11D3-BF4B-00C04F79EFBC}") = "RaynMaker.Entities.ScenarioTests", "src\RaynMaker.Entities.ScenarioTests\RaynMaker.Entities.ScenarioTests.csproj", "{94EE79F4-D2B7-4477-A0C5-D95DB14FE79D}"
EndProject
Project("{FAE04EC0-301F-11D3-BF4B-00C04F79EFBC}") = "RaynMaker.Modules.Import.ScenarioTests", "src\RaynMaker.Modules.Import.ScenarioTests\RaynMaker.Modules.Import.ScenarioTests.csproj", "{5D702A14-EEB2-40B3-9CA7-27B9F2A70936}"
EndProject
Global
	GlobalSection(SolutionConfigurationPlatforms) = preSolution
		Debug|Any CPU = Debug|Any CPU
		Release|Any CPU = Release|Any CPU
	EndGlobalSection
	GlobalSection(ProjectConfigurationPlatforms) = postSolution
		{4164C457-C990-4D92-8175-C8BF4AD6A1DB}.Debug|Any CPU.ActiveCfg = Debug|Any CPU
		{4164C457-C990-4D92-8175-C8BF4AD6A1DB}.Debug|Any CPU.Build.0 = Debug|Any CPU
		{4164C457-C990-4D92-8175-C8BF4AD6A1DB}.Release|Any CPU.ActiveCfg = Release|Any CPU
		{4164C457-C990-4D92-8175-C8BF4AD6A1DB}.Release|Any CPU.Build.0 = Release|Any CPU
		{D3B2B34E-7D18-4506-93D8-B56CCBAEA7D7}.Debug|Any CPU.ActiveCfg = Debug|Any CPU
		{D3B2B34E-7D18-4506-93D8-B56CCBAEA7D7}.Debug|Any CPU.Build.0 = Debug|Any CPU
		{D3B2B34E-7D18-4506-93D8-B56CCBAEA7D7}.Release|Any CPU.ActiveCfg = Release|Any CPU
		{D3B2B34E-7D18-4506-93D8-B56CCBAEA7D7}.Release|Any CPU.Build.0 = Release|Any CPU
		{837ADDBE-901B-4ED9-9DF4-0E259E262167}.Debug|Any CPU.ActiveCfg = Debug|Any CPU
		{837ADDBE-901B-4ED9-9DF4-0E259E262167}.Debug|Any CPU.Build.0 = Debug|Any CPU
		{837ADDBE-901B-4ED9-9DF4-0E259E262167}.Release|Any CPU.ActiveCfg = Release|Any CPU
		{837ADDBE-901B-4ED9-9DF4-0E259E262167}.Release|Any CPU.Build.0 = Release|Any CPU
		{0B9B8AC3-DA99-4264-9D59-382ADEE06FD9}.Debug|Any CPU.ActiveCfg = Debug|Any CPU
		{0B9B8AC3-DA99-4264-9D59-382ADEE06FD9}.Debug|Any CPU.Build.0 = Debug|Any CPU
		{0B9B8AC3-DA99-4264-9D59-382ADEE06FD9}.Release|Any CPU.ActiveCfg = Release|Any CPU
		{0B9B8AC3-DA99-4264-9D59-382ADEE06FD9}.Release|Any CPU.Build.0 = Release|Any CPU
		{21124BD2-15F7-45F8-BD77-184E7FED47C8}.Debug|Any CPU.ActiveCfg = Debug|Any CPU
		{21124BD2-15F7-45F8-BD77-184E7FED47C8}.Debug|Any CPU.Build.0 = Debug|Any CPU
		{21124BD2-15F7-45F8-BD77-184E7FED47C8}.Release|Any CPU.ActiveCfg = Release|Any CPU
		{21124BD2-15F7-45F8-BD77-184E7FED47C8}.Release|Any CPU.Build.0 = Release|Any CPU
		{B4F336A4-8CD2-49F7-8541-97AA31EA53D5}.Debug|Any CPU.ActiveCfg = Debug|Any CPU
		{B4F336A4-8CD2-49F7-8541-97AA31EA53D5}.Debug|Any CPU.Build.0 = Debug|Any CPU
		{B4F336A4-8CD2-49F7-8541-97AA31EA53D5}.Release|Any CPU.ActiveCfg = Release|Any CPU
		{B4F336A4-8CD2-49F7-8541-97AA31EA53D5}.Release|Any CPU.Build.0 = Release|Any CPU
		{972E7886-F83D-41DF-BA26-5071C34EC2F7}.Debug|Any CPU.ActiveCfg = Debug|Any CPU
		{972E7886-F83D-41DF-BA26-5071C34EC2F7}.Debug|Any CPU.Build.0 = Debug|Any CPU
		{972E7886-F83D-41DF-BA26-5071C34EC2F7}.Release|Any CPU.ActiveCfg = Release|Any CPU
		{972E7886-F83D-41DF-BA26-5071C34EC2F7}.Release|Any CPU.Build.0 = Release|Any CPU
		{479CB8A7-9096-4A4C-B825-305E2DFF0456}.Debug|Any CPU.ActiveCfg = Debug|Any CPU
		{479CB8A7-9096-4A4C-B825-305E2DFF0456}.Debug|Any CPU.Build.0 = Debug|Any CPU
		{479CB8A7-9096-4A4C-B825-305E2DFF0456}.Release|Any CPU.ActiveCfg = Release|Any CPU
		{479CB8A7-9096-4A4C-B825-305E2DFF0456}.Release|Any CPU.Build.0 = Release|Any CPU
		{87F14106-B2F8-4F90-9A14-18723AD25EEF}.Debug|Any CPU.ActiveCfg = Debug|Any CPU
		{87F14106-B2F8-4F90-9A14-18723AD25EEF}.Debug|Any CPU.Build.0 = Debug|Any CPU
		{87F14106-B2F8-4F90-9A14-18723AD25EEF}.Release|Any CPU.ActiveCfg = Release|Any CPU
		{87F14106-B2F8-4F90-9A14-18723AD25EEF}.Release|Any CPU.Build.0 = Release|Any CPU
		{E26E3116-709D-463D-81A3-81D6C9A9C195}.Debug|Any CPU.ActiveCfg = Debug|Any CPU
		{E26E3116-709D-463D-81A3-81D6C9A9C195}.Debug|Any CPU.Build.0 = Debug|Any CPU
		{E26E3116-709D-463D-81A3-81D6C9A9C195}.Release|Any CPU.ActiveCfg = Release|Any CPU
		{E26E3116-709D-463D-81A3-81D6C9A9C195}.Release|Any CPU.Build.0 = Release|Any CPU
		{2BAB6393-3900-4233-B817-333460881312}.Debug|Any CPU.ActiveCfg = Debug|Any CPU
		{2BAB6393-3900-4233-B817-333460881312}.Debug|Any CPU.Build.0 = Debug|Any CPU
		{2BAB6393-3900-4233-B817-333460881312}.Release|Any CPU.ActiveCfg = Release|Any CPU
		{2BAB6393-3900-4233-B817-333460881312}.Release|Any CPU.Build.0 = Release|Any CPU
		{4CD006FA-B1A2-4E57-A0F1-DB32259FF70A}.Debug|Any CPU.ActiveCfg = Debug|Any CPU
		{4CD006FA-B1A2-4E57-A0F1-DB32259FF70A}.Debug|Any CPU.Build.0 = Debug|Any CPU
		{4CD006FA-B1A2-4E57-A0F1-DB32259FF70A}.Release|Any CPU.ActiveCfg = Release|Any CPU
		{4CD006FA-B1A2-4E57-A0F1-DB32259FF70A}.Release|Any CPU.Build.0 = Release|Any CPU
		{60A81643-28BD-42C6-B1E9-51C77275A335}.Debug|Any CPU.ActiveCfg = Debug|Any CPU
		{60A81643-28BD-42C6-B1E9-51C77275A335}.Debug|Any CPU.Build.0 = Debug|Any CPU
		{60A81643-28BD-42C6-B1E9-51C77275A335}.Release|Any CPU.ActiveCfg = Release|Any CPU
		{60A81643-28BD-42C6-B1E9-51C77275A335}.Release|Any CPU.Build.0 = Release|Any CPU
		{915A1FE6-9C41-4260-B32D-D958A524F177}.Debug|Any CPU.ActiveCfg = Debug|Any CPU
		{915A1FE6-9C41-4260-B32D-D958A524F177}.Debug|Any CPU.Build.0 = Debug|Any CPU
		{915A1FE6-9C41-4260-B32D-D958A524F177}.Release|Any CPU.ActiveCfg = Release|Any CPU
		{915A1FE6-9C41-4260-B32D-D958A524F177}.Release|Any CPU.Build.0 = Release|Any CPU
		{EB8FAAF2-3BFC-4C79-B9F2-4BE1C76E682E}.Debug|Any CPU.ActiveCfg = Debug|Any CPU
		{EB8FAAF2-3BFC-4C79-B9F2-4BE1C76E682E}.Debug|Any CPU.Build.0 = Debug|Any CPU
		{EB8FAAF2-3BFC-4C79-B9F2-4BE1C76E682E}.Release|Any CPU.ActiveCfg = Release|Any CPU
		{EB8FAAF2-3BFC-4C79-B9F2-4BE1C76E682E}.Release|Any CPU.Build.0 = Release|Any CPU
		{94EE79F4-D2B7-4477-A0C5-D95DB14FE79D}.Debug|Any CPU.ActiveCfg = Debug|Any CPU
		{94EE79F4-D2B7-4477-A0C5-D95DB14FE79D}.Debug|Any CPU.Build.0 = Debug|Any CPU
		{94EE79F4-D2B7-4477-A0C5-D95DB14FE79D}.Release|Any CPU.ActiveCfg = Release|Any CPU
		{94EE79F4-D2B7-4477-A0C5-D95DB14FE79D}.Release|Any CPU.Build.0 = Release|Any CPU
		{5D702A14-EEB2-40B3-9CA7-27B9F2A70936}.Debug|Any CPU.ActiveCfg = Debug|Any CPU
		{5D702A14-EEB2-40B3-9CA7-27B9F2A70936}.Debug|Any CPU.Build.0 = Debug|Any CPU
		{5D702A14-EEB2-40B3-9CA7-27B9F2A70936}.Release|Any CPU.ActiveCfg = Release|Any CPU
		{5D702A14-EEB2-40B3-9CA7-27B9F2A70936}.Release|Any CPU.Build.0 = Release|Any CPU
	EndGlobalSection
	GlobalSection(SolutionProperties) = preSolution
		HideSolutionNode = FALSE
	EndGlobalSection
EndGlobal
